
Microsoft Visual Studio Solution File, Format Version 12.00
# Visual Studio Version 17
VisualStudioVersion = 17.0.31903.59
MinimumVisualStudioVersion = 10.0.40219.1
Project("{2150E333-8FDC-42A3-9474-1A3956D46DE8}") = "src", "src", "{1B06FB87-B73C-484D-A773-E527DC60BFB9}"
EndProject
Project("{FAE04EC0-301F-11D3-BF4B-00C04F79EFBC}") = "ImSuperSir.Security", "src\ImSuperSir.Security\ImSuperSir.Security.csproj", "{8BEB3D21-6047-4AE2-9D83-3C1CEA58FCAB}"
EndProject
Global
	GlobalSection(SolutionConfigurationPlatforms) = preSolution
		Debug|Any CPU = Debug|Any CPU
		Release|Any CPU = Release|Any CPU
	EndGlobalSection
	GlobalSection(SolutionProperties) = preSolution
		HideSolutionNode = FALSE
	EndGlobalSection
	GlobalSection(ProjectConfigurationPlatforms) = postSolution
		{8BEB3D21-6047-4AE2-9D83-3C1CEA58FCAB}.Debug|Any CPU.ActiveCfg = Debug|Any CPU
		{8BEB3D21-6047-4AE2-9D83-3C1CEA58FCAB}.Debug|Any CPU.Build.0 = Debug|Any CPU
		{8BEB3D21-6047-4AE2-9D83-3C1CEA58FCAB}.Release|Any CPU.ActiveCfg = Release|Any CPU
		{8BEB3D21-6047-4AE2-9D83-3C1CEA58FCAB}.Release|Any CPU.Build.0 = Release|Any CPU
	EndGlobalSection
	GlobalSection(NestedProjects) = preSolution
		{8BEB3D21-6047-4AE2-9D83-3C1CEA58FCAB} = {1B06FB87-B73C-484D-A773-E527DC60BFB9}
	EndGlobalSection
EndGlobal
